{
  "originHash" : "c032e75fb32710460682ad8705c0794f0726fb06535c2ec015f1e8f5f2f4bf19",
  "pins" : [
    {
      "identity" : "activityindicatorview",
      "kind" : "remoteSourceControl",
      "location" : "https://github.com/JoshHrach/ActivityIndicatorView.git",
      "state" : {
        "revision" : "fd19ba9b78d6e20a457aed0c9ab0a204d52a08d7",
        "version" : "1.2.1"
      }
    },
    {
      "identity" : "lottie-ios",
      "kind" : "remoteSourceControl",
      "location" : "https://github.com/airbnb/lottie-ios",
      "state" : {
        "revision" : "fe4c6fe3a0aa66cdeb51d549623c82ca9704b9a5",
        "version" : "4.5.0"
      }
    }
  ],
  "version" : 3
}
